
Microsoft Visual Studio Solution File, Format Version 12.00
# Visual Studio Version 16
VisualStudioVersion = 16.0.31424.327
MinimumVisualStudioVersion = 10.0.40219.1
Project("{9A19103F-16F7-4668-BE54-9A1E7A4F7556}") = "ControlMaterials", "ControlMaterials.csproj", "{19572510-52C7-4B20-B392-BB6D6C9EB515}"
EndProject
Project("{9A19103F-16F7-4668-BE54-9A1E7A4F7556}") = "UnitTests", "..\UnitTests\UnitTests.csproj", "{8C23AA70-D1D9-4EC3-BE31-21A35A73CA92}"
EndProject
Global
	GlobalSection(SolutionConfigurationPlatforms) = preSolution
		Debug|Any CPU = Debug|Any CPU
		Release|Any CPU = Release|Any CPU
	EndGlobalSection
	GlobalSection(ProjectConfigurationPlatforms) = postSolution
		{19572510-52C7-4B20-B392-BB6D6C9EB515}.Debug|Any CPU.ActiveCfg = Debug|Any CPU
		{19572510-52C7-4B20-B392-BB6D6C9EB515}.Debug|Any CPU.Build.0 = Debug|Any CPU
		{19572510-52C7-4B20-B392-BB6D6C9EB515}.Release|Any CPU.ActiveCfg = Release|Any CPU
		{19572510-52C7-4B20-B392-BB6D6C9EB515}.Release|Any CPU.Build.0 = Release|Any CPU
		{8C23AA70-D1D9-4EC3-BE31-21A35A73CA92}.Debug|Any CPU.ActiveCfg = Debug|Any CPU
		{8C23AA70-D1D9-4EC3-BE31-21A35A73CA92}.Debug|Any CPU.Build.0 = Debug|Any CPU
		{8C23AA70-D1D9-4EC3-BE31-21A35A73CA92}.Release|Any CPU.ActiveCfg = Release|Any CPU
		{8C23AA70-D1D9-4EC3-BE31-21A35A73CA92}.Release|Any CPU.Build.0 = Release|Any CPU
	EndGlobalSection
	GlobalSection(SolutionProperties) = preSolution
		HideSolutionNode = FALSE
	EndGlobalSection
	GlobalSection(ExtensibilityGlobals) = postSolution
		SolutionGuid = {0EA66A23-54BD-46D9-B17D-76F88686101B}
	EndGlobalSection
EndGlobal
